
Microsoft Visual Studio Solution File, Format Version 12.00
# Visual Studio Version 16
VisualStudioVersion = 16.0.31019.35
MinimumVisualStudioVersion = 10.0.40219.1
Project("{FAE04EC0-301F-11D3-BF4B-00C04F79EFBC}") = "WebApplication2", "WebApplication2.csproj", "{4F88B699-2215-47FF-A505-2CAC0BE93128}"
EndProject
Global
	GlobalSection(SolutionConfigurationPlatforms) = preSolution
		Debug|Any CPU = Debug|Any CPU
		Release|Any CPU = Release|Any CPU
	EndGlobalSection
	GlobalSection(ProjectConfigurationPlatforms) = postSolution
		{4F88B699-2215-47FF-A505-2CAC0BE93128}.Debug|Any CPU.ActiveCfg = Debug|Any CPU
		{4F88B699-2215-47FF-A505-2CAC0BE93128}.Debug|Any CPU.Build.0 = Debug|Any CPU
		{4F88B699-2215-47FF-A505-2CAC0BE93128}.Release|Any CPU.ActiveCfg = Release|Any CPU
		{4F88B699-2215-47FF-A505-2CAC0BE93128}.Release|Any CPU.Build.0 = Release|Any CPU
	EndGlobalSection
	GlobalSection(SolutionProperties) = preSolution
		HideSolutionNode = FALSE
	EndGlobalSection
	GlobalSection(ExtensibilityGlobals) = postSolution
		SolutionGuid = {BA3C0F9D-6F00-47D7-AC47-605379C00CA1}
	EndGlobalSection
EndGlobal
